// !$*UTF8*$!
{
	archiveVersion = 1;
	classes = {
	};
	objectVersion = 51;
	objects = {

/* Begin PBXBuildFile section */
		8717C48928445C1B00A908E8 /* CopyUILabel.swift in Sources */ = {isa = PBXBuildFile; fileRef = 8717C48828445C1B00A908E8 /* CopyUILabel.swift */; };
		8761ADB128446A9200DE2B3D /* View in Resources */ = {isa = PBXBuildFile; fileRef = 8761ADB028446A9200DE2B3D /* View */; };
		878CFF602845844D004903F2 /* SettingTableViewController.swift in Sources */ = {isa = PBXBuildFile; fileRef = 878CFF5F2845844D004903F2 /* SettingTableViewController.swift */; };
		878CFF622845851B004903F2 /* SettingWebViewController.swift in Sources */ = {isa = PBXBuildFile; fileRef = 878CFF612845851B004903F2 /* SettingWebViewController.swift */; };
		B978963726C2022E0060BE0A /* AppDelegate.swift in Sources */ = {isa = PBXBuildFile; fileRef = B978963626C2022E0060BE0A /* AppDelegate.swift */; };
		B978963926C2022E0060BE0A /* SceneDelegate.swift in Sources */ = {isa = PBXBuildFile; fileRef = B978963826C2022E0060BE0A /* SceneDelegate.swift */; };
		B978963B26C2022E0060BE0A /* ProViewController.swift in Sources */ = {isa = PBXBuildFile; fileRef = B978963A26C2022E0060BE0A /* ProViewController.swift */; };
		B978963E26C2022E0060BE0A /* Main.storyboard in Resources */ = {isa = PBXBuildFile; fileRef = B978963C26C2022E0060BE0A /* Main.storyboard */; };
		B978964026C202300060BE0A /* Assets.xcassets in Resources */ = {isa = PBXBuildFile; fileRef = B978963F26C202300060BE0A /* Assets.xcassets */; };
		B978964326C202300060BE0A /* LaunchScreen.storyboard in Resources */ = {isa = PBXBuildFile; fileRef = B978964126C202300060BE0A /* LaunchScreen.storyboard */; };
		B9D245F326C743B9003ADCF3 /* SimpleViewController.swift in Sources */ = {isa = PBXBuildFile; fileRef = B9D245F226C743B9003ADCF3 /* SimpleViewController.swift */; };
		B9DE7C6826C605A500DCDA52 /* Transition.swift in Sources */ = {isa = PBXBuildFile; fileRef = B9DE7C6726C605A500DCDA52 /* Transition.swift */; };
		B9DE7C6A26C6221300DCDA52 /* Exponentiation.swift in Sources */ = {isa = PBXBuildFile; fileRef = B9DE7C6926C6221300DCDA52 /* Exponentiation.swift */; };
		D7D6E6D42E3CABE12532A13C /* Pods_BaseConversion.framework in Frameworks */ = {isa = PBXBuildFile; fileRef = F6955785FC656CD89AE194FE /* Pods_BaseConversion.framework */; };
/* End PBXBuildFile section */

/* Begin PBXFileReference section */
		8685004EB09C875C26BA9A42 /* Pods-BaseConversion.release.xcconfig */ = {isa = PBXFileReference; includeInIndex = 1; lastKnownFileType = text.xcconfig; name = "Pods-BaseConversion.release.xcconfig"; path = "Target Support Files/Pods-BaseConversion/Pods-BaseConversion.release.xcconfig"; sourceTree = "<group>"; };
		8717C48828445C1B00A908E8 /* CopyUILabel.swift */ = {isa = PBXFileReference; lastKnownFileType = sourcecode.swift; path = CopyUILabel.swift; sourceTree = "<group>"; };
		8761ADB028446A9200DE2B3D /* View */ = {isa = PBXFileReference; lastKnownFileType = folder; path = View; sourceTree = "<group>"; };
		878CFF5F2845844D004903F2 /* SettingTableViewController.swift */ = {isa = PBXFileReference; lastKnownFileType = sourcecode.swift; path = SettingTableViewController.swift; sourceTree = "<group>"; };
		878CFF612845851B004903F2 /* SettingWebViewController.swift */ = {isa = PBXFileReference; lastKnownFileType = sourcecode.swift; path = SettingWebViewController.swift; sourceTree = "<group>"; };
		B978963326C2022E0060BE0A /* BaseConversion.app */ = {isa = PBXFileReference; explicitFileType = wrapper.application; includeInIndex = 0; path = BaseConversion.app; sourceTree = BUILT_PRODUCTS_DIR; };
		B978963626C2022E0060BE0A /* AppDelegate.swift */ = {isa = PBXFileReference; lastKnownFileType = sourcecode.swift; path = AppDelegate.swift; sourceTree = "<group>"; };
		B978963826C2022E0060BE0A /* SceneDelegate.swift */ = {isa = PBXFileReference; lastKnownFileType = sourcecode.swift; path = SceneDelegate.swift; sourceTree = "<group>"; };
		B978963A26C2022E0060BE0A /* ProViewController.swift */ = {isa = PBXFileReference; lastKnownFileType = sourcecode.swift; path = ProViewController.swift; sourceTree = "<group>"; };
		B978963D26C2022E0060BE0A /* Base */ = {isa = PBXFileReference; lastKnownFileType = file.storyboard; name = Base; path = Base.lproj/Main.storyboard; sourceTree = "<group>"; };
		B978963F26C202300060BE0A /* Assets.xcassets */ = {isa = PBXFileReference; lastKnownFileType = folder.assetcatalog; path = Assets.xcassets; sourceTree = "<group>"; };
		B978964226C202300060BE0A /* Base */ = {isa = PBXFileReference; lastKnownFileType = file.storyboard; name = Base; path = Base.lproj/LaunchScreen.storyboard; sourceTree = "<group>"; };
		B978964426C202300060BE0A /* Info.plist */ = {isa = PBXFileReference; lastKnownFileType = text.plist.xml; path = Info.plist; sourceTree = "<group>"; };
		B9D245F226C743B9003ADCF3 /* SimpleViewController.swift */ = {isa = PBXFileReference; lastKnownFileType = sourcecode.swift; path = SimpleViewController.swift; sourceTree = "<group>"; };
		B9DE7C6726C605A500DCDA52 /* Transition.swift */ = {isa = PBXFileReference; lastKnownFileType = sourcecode.swift; path = Transition.swift; sourceTree = "<group>"; };
		B9DE7C6926C6221300DCDA52 /* Exponentiation.swift */ = {isa = PBXFileReference; lastKnownFileType = sourcecode.swift; path = Exponentiation.swift; sourceTree = "<group>"; };
		F589805DCED8E91847D8D47F /* Pods-BaseConversion.debug.xcconfig */ = {isa = PBXFileReference; includeInIndex = 1; lastKnownFileType = text.xcconfig; name = "Pods-BaseConversion.debug.xcconfig"; path = "Target Support Files/Pods-BaseConversion/Pods-BaseConversion.debug.xcconfig"; sourceTree = "<group>"; };
		F6955785FC656CD89AE194FE /* Pods_BaseConversion.framework */ = {isa = PBXFileReference; explicitFileType = wrapper.framework; includeInIndex = 0; path = Pods_BaseConversion.framework; sourceTree = BUILT_PRODUCTS_DIR; };
/* End PBXFileReference section */

/* Begin PBXFrameworksBuildPhase section */
		B978963026C2022E0060BE0A /* Frameworks */ = {
			isa = PBXFrameworksBuildPhase;
			buildActionMask = 2147483647;
			files = (
				D7D6E6D42E3CABE12532A13C /* Pods_BaseConversion.framework in Frameworks */,
			);
			runOnlyForDeploymentPostprocessing = 0;
		};
/* End PBXFrameworksBuildPhase section */

/* Begin PBXGroup section */
		B978962A26C2022E0060BE0A = {
			isa = PBXGroup;
			children = (
				B978963526C2022E0060BE0A /* BaseConversion */,
				B978963426C2022E0060BE0A /* Products */,
				ED90D109312F44A1AAB6300E /* Pods */,
				EA2EF0CEB3D9D2E378A860A5 /* Frameworks */,
			);
			sourceTree = "<group>";
		};
		B978963426C2022E0060BE0A /* Products */ = {
			isa = PBXGroup;
			children = (
				B978963326C2022E0060BE0A /* BaseConversion.app */,
			);
			name = Products;
			sourceTree = "<group>";
		};
		B978963526C2022E0060BE0A /* BaseConversion */ = {
			isa = PBXGroup;
			children = (
				8761ADB028446A9200DE2B3D /* View */,
				B9DE7C6526C6053500DCDA52 /* Model */,
				B9DE7C6426C6049F00DCDA52 /* View */,
				B9DE7C6626C6054000DCDA52 /* Controller */,
				B978964126C202300060BE0A /* LaunchScreen.storyboard */,
				B978964426C202300060BE0A /* Info.plist */,
			);
			path = BaseConversion;
			sourceTree = "<group>";
		};
		B9DE7C6426C6049F00DCDA52 /* View */ = {
			isa = PBXGroup;
			children = (
				B978963C26C2022E0060BE0A /* Main.storyboard */,
				B978963F26C202300060BE0A /* Assets.xcassets */,
			);
			path = View;
			sourceTree = "<group>";
		};
		B9DE7C6526C6053500DCDA52 /* Model */ = {
			isa = PBXGroup;
			children = (
				B9DE7C6726C605A500DCDA52 /* Transition.swift */,
				B9DE7C6926C6221300DCDA52 /* Exponentiation.swift */,
				8717C48828445C1B00A908E8 /* CopyUILabel.swift */,
			);
			path = Model;
			sourceTree = "<group>";
		};
		B9DE7C6626C6054000DCDA52 /* Controller */ = {
			isa = PBXGroup;
			children = (
				B978963626C2022E0060BE0A /* AppDelegate.swift */,
				B978963826C2022E0060BE0A /* SceneDelegate.swift */,
				B978963A26C2022E0060BE0A /* ProViewController.swift */,
				B9D245F226C743B9003ADCF3 /* SimpleViewController.swift */,
				878CFF5F2845844D004903F2 /* SettingTableViewController.swift */,
				878CFF612845851B004903F2 /* SettingWebViewController.swift */,
			);
			path = Controller;
			sourceTree = "<group>";
		};
		EA2EF0CEB3D9D2E378A860A5 /* Frameworks */ = {
			isa = PBXGroup;
			children = (
				F6955785FC656CD89AE194FE /* Pods_BaseConversion.framework */,
			);
			name = Frameworks;
			sourceTree = "<group>";
		};
		ED90D109312F44A1AAB6300E /* Pods */ = {
			isa = PBXGroup;
			children = (
				F589805DCED8E91847D8D47F /* Pods-BaseConversion.debug.xcconfig */,
				8685004EB09C875C26BA9A42 /* Pods-BaseConversion.release.xcconfig */,
			);
			path = Pods;
			sourceTree = "<group>";
		};
/* End PBXGroup section */

/* Begin PBXNativeTarget section */
		B978963226C2022E0060BE0A /* BaseConversion */ = {
			isa = PBXNativeTarget;
			buildConfigurationList = B978964726C202300060BE0A /* Build configuration list for PBXNativeTarget "BaseConversion" */;
			buildPhases = (
				779B0B65201819BC919C8EFE /* [CP] Check Pods Manifest.lock */,
				B978962F26C2022E0060BE0A /* Sources */,
				B978963026C2022E0060BE0A /* Frameworks */,
				B978963126C2022E0060BE0A /* Resources */,
				F2C048ECAF8AC2E43A421A62 /* [CP] Embed Pods Frameworks */,
			);
			buildRules = (
			);
			dependencies = (
			);
			name = BaseConversion;
			productName = BaseConversion;
			productReference = B978963326C2022E0060BE0A /* BaseConversion.app */;
			productType = "com.apple.product-type.application";
		};
/* End PBXNativeTarget section */

/* Begin PBXProject section */
		B978962B26C2022E0060BE0A /* Project object */ = {
			isa = PBXProject;
			attributes = {
				LastSwiftUpdateCheck = 1250;
				LastUpgradeCheck = 1250;
				TargetAttributes = {
					B978963226C2022E0060BE0A = {
						CreatedOnToolsVersion = 12.5.1;
					};
				};
			};
			buildConfigurationList = B978962E26C2022E0060BE0A /* Build configuration list for PBXProject "BaseConversion" */;
			compatibilityVersion = "Xcode 9.3";
			developmentRegion = en;
			hasScannedForEncodings = 0;
			knownRegions = (
				en,
				Base,
			);
			mainGroup = B978962A26C2022E0060BE0A;
			productRefGroup = B978963426C2022E0060BE0A /* Products */;
			projectDirPath = "";
			projectRoot = "";
			targets = (
				B978963226C2022E0060BE0A /* BaseConversion */,
			);
		};
/* End PBXProject section */

/* Begin PBXResourcesBuildPhase section */
		B978963126C2022E0060BE0A /* Resources */ = {
			isa = PBXResourcesBuildPhase;
			buildActionMask = 2147483647;
			files = (
				B978964326C202300060BE0A /* LaunchScreen.storyboard in Resources */,
				B978964026C202300060BE0A /* Assets.xcassets in Resources */,
				B978963E26C2022E0060BE0A /* Main.storyboard in Resources */,
				8761ADB128446A9200DE2B3D /* View in Resources */,
			);
			runOnlyForDeploymentPostprocessing = 0;
		};
/* End PBXResourcesBuildPhase section */

/* Begin PBXShellScriptBuildPhase section */
		779B0B65201819BC919C8EFE /* [CP] Check Pods Manifest.lock */ = {
			isa = PBXShellScriptBuildPhase;
			buildActionMask = 2147483647;
			files = (
			);
			inputFileListPaths = (
			);
			inputPaths = (
				"${PODS_PODFILE_DIR_PATH}/Podfile.lock",
				"${PODS_ROOT}/Manifest.lock",
			);
			name = "[CP] Check Pods Manifest.lock";
			outputFileListPaths = (
			);
			outputPaths = (
				"$(DERIVED_FILE_DIR)/Pods-BaseConversion-checkManifestLockResult.txt",
			);
			runOnlyForDeploymentPostprocessing = 0;
			shellPath = /bin/sh;
			shellScript = "diff \"${PODS_PODFILE_DIR_PATH}/Podfile.lock\" \"${PODS_ROOT}/Manifest.lock\" > /dev/null\nif [ $? != 0 ] ; then\n    # print error to STDERR\n    echo \"error: The sandbox is not in sync with the Podfile.lock. Run 'pod install' or update your CocoaPods installation.\" >&2\n    exit 1\nfi\n# This output is used by Xcode 'outputs' to avoid re-running this script phase.\necho \"SUCCESS\" > \"${SCRIPT_OUTPUT_FILE_0}\"\n";
			showEnvVarsInLog = 0;
		};
		F2C048ECAF8AC2E43A421A62 /* [CP] Embed Pods Frameworks */ = {
			isa = PBXShellScriptBuildPhase;
			buildActionMask = 2147483647;
			files = (
			);
			inputFileListPaths = (
				"${PODS_ROOT}/Target Support Files/Pods-BaseConversion/Pods-BaseConversion-frameworks-${CONFIGURATION}-input-files.xcfilelist",
			);
			name = "[CP] Embed Pods Frameworks";
			outputFileListPaths = (
				"${PODS_ROOT}/Target Support Files/Pods-BaseConversion/Pods-BaseConversion-frameworks-${CONFIGURATION}-output-files.xcfilelist",
			);
			runOnlyForDeploymentPostprocessing = 0;
			shellPath = /bin/sh;
			shellScript = "\"${PODS_ROOT}/Target Support Files/Pods-BaseConversion/Pods-BaseConversion-frameworks.sh\"\n";
			showEnvVarsInLog = 0;
		};
/* End PBXShellScriptBuildPhase section */

/* Begin PBXSourcesBuildPhase section */
		B978962F26C2022E0060BE0A /* Sources */ = {
			isa = PBXSourcesBuildPhase;
			buildActionMask = 2147483647;
			files = (
				878CFF602845844D004903F2 /* SettingTableViewController.swift in Sources */,
				B978963B26C2022E0060BE0A /* ProViewController.swift in Sources */,
				B9DE7C6A26C6221300DCDA52 /* Exponentiation.swift in Sources */,
				B9D245F326C743B9003ADCF3 /* SimpleViewController.swift in Sources */,
				B978963726C2022E0060BE0A /* AppDelegate.swift in Sources */,
				B9DE7C6826C605A500DCDA52 /* Transition.swift in Sources */,
				878CFF622845851B004903F2 /* SettingWebViewController.swift in Sources */,
				8717C48928445C1B00A908E8 /* CopyUILabel.swift in Sources */,
				B978963926C2022E0060BE0A /* SceneDelegate.swift in Sources */,
			);
			runOnlyForDeploymentPostprocessing = 0;
		};
/* End PBXSourcesBuildPhase section */

/* Begin PBXVariantGroup section */
		B978963C26C2022E0060BE0A /* Main.storyboard */ = {
			isa = PBXVariantGroup;
			children = (
				B978963D26C2022E0060BE0A /* Base */,
			);
			name = Main.storyboard;
			sourceTree = "<group>";
		};
		B978964126C202300060BE0A /* LaunchScreen.storyboard */ = {
			isa = PBXVariantGroup;
			children = (
				B978964226C202300060BE0A /* Base */,
			);
			name = LaunchScreen.storyboard;
			sourceTree = "<group>";
		};
/* End PBXVariantGroup section */

/* Begin XCBuildConfiguration section */
		B978964526C202300060BE0A /* Debug */ = {
			isa = XCBuildConfiguration;
			buildSettings = {
				ALWAYS_SEARCH_USER_PATHS = NO;
				CLANG_ANALYZER_NONNULL = YES;
				CLANG_ANALYZER_NUMBER_OBJECT_CONVERSION = YES_AGGRESSIVE;
				CLANG_CXX_LANGUAGE_STANDARD = "gnu++14";
				CLANG_CXX_LIBRARY = "libc++";
				CLANG_ENABLE_MODULES = YES;
				CLANG_ENABLE_OBJC_ARC = YES;
				CLANG_ENABLE_OBJC_WEAK = YES;
				CLANG_WARN_BLOCK_CAPTURE_AUTORELEASING = YES;
				CLANG_WARN_BOOL_CONVERSION = YES;
				CLANG_WARN_COMMA = YES;
				CLANG_WARN_CONSTANT_CONVERSION = YES;
				CLANG_WARN_DEPRECATED_OBJC_IMPLEMENTATIONS = YES;
				CLANG_WARN_DIRECT_OBJC_ISA_USAGE = YES_ERROR;
				CLANG_WARN_DOCUMENTATION_COMMENTS = YES;
				CLANG_WARN_EMPTY_BODY = YES;
				CLANG_WARN_ENUM_CONVERSION = YES;
				CLANG_WARN_INFINITE_RECURSION = YES;
				CLANG_WARN_INT_CONVERSION = YES;
				CLANG_WARN_NON_LITERAL_NULL_CONVERSION = YES;
				CLANG_WARN_OBJC_IMPLICIT_RETAIN_SELF = YES;
				CLANG_WARN_OBJC_LITERAL_CONVERSION = YES;
				CLANG_WARN_OBJC_ROOT_CLASS = YES_ERROR;
				CLANG_WARN_QUOTED_INCLUDE_IN_FRAMEWORK_HEADER = YES;
				CLANG_WARN_RANGE_LOOP_ANALYSIS = YES;
				CLANG_WARN_STRICT_PROTOTYPES = YES;
				CLANG_WARN_SUSPICIOUS_MOVE = YES;
				CLANG_WARN_UNGUARDED_AVAILABILITY = YES_AGGRESSIVE;
				CLANG_WARN_UNREACHABLE_CODE = YES;
				CLANG_WARN__DUPLICATE_METHOD_MATCH = YES;
				COPY_PHASE_STRIP = NO;
				DEBUG_INFORMATION_FORMAT = dwarf;
				ENABLE_STRICT_OBJC_MSGSEND = YES;
				ENABLE_TESTABILITY = YES;
				GCC_C_LANGUAGE_STANDARD = gnu11;
				GCC_DYNAMIC_NO_PIC = NO;
				GCC_NO_COMMON_BLOCKS = YES;
				GCC_OPTIMIZATION_LEVEL = 0;
				GCC_PREPROCESSOR_DEFINITIONS = (
					"DEBUG=1",
					"$(inherited)",
				);
				GCC_WARN_64_TO_32_BIT_CONVERSION = YES;
				GCC_WARN_ABOUT_RETURN_TYPE = YES_ERROR;
				GCC_WARN_UNDECLARED_SELECTOR = YES;
				GCC_WARN_UNINITIALIZED_AUTOS = YES_AGGRESSIVE;
				GCC_WARN_UNUSED_FUNCTION = YES;
				GCC_WARN_UNUSED_VARIABLE = YES;
				IPHONEOS_DEPLOYMENT_TARGET = 14.5;
				MTL_ENABLE_DEBUG_INFO = INCLUDE_SOURCE;
				MTL_FAST_MATH = YES;
				ONLY_ACTIVE_ARCH = YES;
				SDKROOT = iphoneos;
				SWIFT_ACTIVE_COMPILATION_CONDITIONS = DEBUG;
				SWIFT_OPTIMIZATION_LEVEL = "-Onone";
			};
			name = Debug;
		};
		B978964626C202300060BE0A /* Release */ = {
			isa = XCBuildConfiguration;
			buildSettings = {
				ALWAYS_SEARCH_USER_PATHS = NO;
				CLANG_ANALYZER_NONNULL = YES;
				CLANG_ANALYZER_NUMBER_OBJECT_CONVERSION = YES_AGGRESSIVE;
				CLANG_CXX_LANGUAGE_STANDARD = "gnu++14";
				CLANG_CXX_LIBRARY = "libc++";
				CLANG_ENABLE_MODULES = YES;
				CLANG_ENABLE_OBJC_ARC = YES;
				CLANG_ENABLE_OBJC_WEAK = YES;
				CLANG_WARN_BLOCK_CAPTURE_AUTORELEASING = YES;
				CLANG_WARN_BOOL_CONVERSION = YES;
				CLANG_WARN_COMMA = YES;
				CLANG_WARN_CONSTANT_CONVERSION = YES;
				CLANG_WARN_DEPRECATED_OBJC_IMPLEMENTATIONS = YES;
				CLANG_WARN_DIRECT_OBJC_ISA_USAGE = YES_ERROR;
				CLANG_WARN_DOCUMENTATION_COMMENTS = YES;
				CLANG_WARN_EMPTY_BODY = YES;
				CLANG_WARN_ENUM_CONVERSION = YES;
				CLANG_WARN_INFINITE_RECURSION = YES;
				CLANG_WARN_INT_CONVERSION = YES;
				CLANG_WARN_NON_LITERAL_NULL_CONVERSION = YES;
				CLANG_WARN_OBJC_IMPLICIT_RETAIN_SELF = YES;
				CLANG_WARN_OBJC_LITERAL_CONVERSION = YES;
				CLANG_WARN_OBJC_ROOT_CLASS = YES_ERROR;
				CLANG_WARN_QUOTED_INCLUDE_IN_FRAMEWORK_HEADER = YES;
				CLANG_WARN_RANGE_LOOP_ANALYSIS = YES;
				CLANG_WARN_STRICT_PROTOTYPES = YES;
				CLANG_WARN_SUSPICIOUS_MOVE = YES;
				CLANG_WARN_UNGUARDED_AVAILABILITY = YES_AGGRESSIVE;
				CLANG_WARN_UNREACHABLE_CODE = YES;
				CLANG_WARN__DUPLICATE_METHOD_MATCH = YES;
				COPY_PHASE_STRIP = NO;
				DEBUG_INFORMATION_FORMAT = "dwarf-with-dsym";
				ENABLE_NS_ASSERTIONS = NO;
				ENABLE_STRICT_OBJC_MSGSEND = YES;
				GCC_C_LANGUAGE_STANDARD = gnu11;
				GCC_NO_COMMON_BLOCKS = YES;
				GCC_WARN_64_TO_32_BIT_CONVERSION = YES;
				GCC_WARN_ABOUT_RETURN_TYPE = YES_ERROR;
				GCC_WARN_UNDECLARED_SELECTOR = YES;
				GCC_WARN_UNINITIALIZED_AUTOS = YES_AGGRESSIVE;
				GCC_WARN_UNUSED_FUNCTION = YES;
				GCC_WARN_UNUSED_VARIABLE = YES;
				IPHONEOS_DEPLOYMENT_TARGET = 14.5;
				MTL_ENABLE_DEBUG_INFO = NO;
				MTL_FAST_MATH = YES;
				SDKROOT = iphoneos;
				SWIFT_COMPILATION_MODE = wholemodule;
				SWIFT_OPTIMIZATION_LEVEL = "-O";
				VALIDATE_PRODUCT = YES;
			};
			name = Release;
		};
		B978964826C202300060BE0A /* Debug */ = {
			isa = XCBuildConfiguration;
			baseConfigurationReference = F589805DCED8E91847D8D47F /* Pods-BaseConversion.debug.xcconfig */;
			buildSettings = {
				ASSETCATALOG_COMPILER_APPICON_NAME = AppIcon;
				ASSETCATALOG_COMPILER_GLOBAL_ACCENT_COLOR_NAME = AccentColor;
				CODE_SIGN_STYLE = Automatic;
				DEVELOPMENT_TEAM = 558ZJSQN67;
				INFOPLIST_FILE = BaseConversion/Info.plist;
				LD_RUNPATH_SEARCH_PATHS = (
					"$(inherited)",
					"@executable_path/Frameworks",
				);
				MARKETING_VERSION = 2.0.0;
				PRODUCT_BUNDLE_IDENTIFIER = org.tetoblog.ChangeBaseApp;
				PRODUCT_NAME = "$(TARGET_NAME)";
				SWIFT_VERSION = 5.0;
				TARGETED_DEVICE_FAMILY = 1;
			};
			name = Debug;
		};
		B978964926C202300060BE0A /* Release */ = {
			isa = XCBuildConfiguration;
			baseConfigurationReference = 8685004EB09C875C26BA9A42 /* Pods-BaseConversion.release.xcconfig */;
			buildSettings = {
				ASSETCATALOG_COMPILER_APPICON_NAME = AppIcon;
				ASSETCATALOG_COMPILER_GLOBAL_ACCENT_COLOR_NAME = AccentColor;
				CODE_SIGN_STYLE = Automatic;
				DEVELOPMENT_TEAM = 558ZJSQN67;
				INFOPLIST_FILE = BaseConversion/Info.plist;
				LD_RUNPATH_SEARCH_PATHS = (
					"$(inherited)",
					"@executable_path/Frameworks",
				);
				MARKETING_VERSION = 2.0.0;
				PRODUCT_BUNDLE_IDENTIFIER = org.tetoblog.ChangeBaseApp;
				PRODUCT_NAME = "$(TARGET_NAME)";
				SWIFT_VERSION = 5.0;
				TARGETED_DEVICE_FAMILY = 1;
			};
			name = Release;
		};
/* End XCBuildConfiguration section */

/* Begin XCConfigurationList section */
		B978962E26C2022E0060BE0A /* Build configuration list for PBXProject "BaseConversion" */ = {
			isa = XCConfigurationList;
			buildConfigurations = (
				B978964526C202300060BE0A /* Debug */,
				B978964626C202300060BE0A /* Release */,
			);
			defaultConfigurationIsVisible = 0;
			defaultConfigurationName = Release;
		};
		B978964726C202300060BE0A /* Build configuration list for PBXNativeTarget "BaseConversion" */ = {
			isa = XCConfigurationList;
			buildConfigurations = (
				B978964826C202300060BE0A /* Debug */,
				B978964926C202300060BE0A /* Release */,
			);
			defaultConfigurationIsVisible = 0;
			defaultConfigurationName = Release;
		};
/* End XCConfigurationList section */
	};
	rootObject = B978962B26C2022E0060BE0A /* Project object */;
}
